dependencies:
- name: postgresql
  repository: https://charts.bitnami.com/bitnami
  version: 15.5.21
- name: kong
  repository: https://charts.konghq.com
  version: 2.42.0
- name: kong
  repository: https://charts.konghq.com
  version: 2.42.0
digest: sha256:334b3b9e925f003ea303cc3d6819173483c92bc4e882ddcd0d6094de9f6d9264
generated: "2026-03-17T17:14:54.324326069-03:00"
